// !$*UTF8*$!
{
	archiveVersion = 1;
	classes = {
	};
	objectVersion = 50;
	objects = {

/* Begin PBXBuildFile section */
		1804AE09245AABC8003EB9E1 /* OCExampleViewController.m in Sources */ = {isa = PBXBuildFile; fileRef = 1804AE08245AABC8003EB9E1 /* OCExampleViewController.m */; };
		181BF00D245926C400080040 /* AppDelegate.swift in Sources */ = {isa = PBXBuildFile; fileRef = 181BF00C245926C400080040 /* AppDelegate.swift */; };
		181BF011245926C400080040 /* ViewController.swift in Sources */ = {isa = PBXBuildFile; fileRef = 181BF010245926C400080040 /* ViewController.swift */; };
		181BF014245926C400080040 /* Main.storyboard in Resources */ = {isa = PBXBuildFile; fileRef = 181BF012245926C400080040 /* Main.storyboard */; };
		181BF016245926C600080040 /* Assets.xcassets in Resources */ = {isa = PBXBuildFile; fileRef = 181BF015245926C600080040 /* Assets.xcassets */; };
		181BF019245926C600080040 /* LaunchScreen.storyboard in Resources */ = {isa = PBXBuildFile; fileRef = 181BF017245926C600080040 /* LaunchScreen.storyboard */; };
		18A54F032463936C00DDAC58 /* SwiftyThemeObject.swift in Sources */ = {isa = PBXBuildFile; fileRef = 18A54F022463936C00DDAC58 /* SwiftyThemeObject.swift */; };
		18A54F052463FADC00DDAC58 /* UITextField+SwiftyTheme.swift in Sources */ = {isa = PBXBuildFile; fileRef = 18A54F042463FADC00DDAC58 /* UITextField+SwiftyTheme.swift */; };
		18A54F072463FBA100DDAC58 /* UITextView+SwiftyTheme.swift in Sources */ = {isa = PBXBuildFile; fileRef = 18A54F062463FBA100DDAC58 /* UITextView+SwiftyTheme.swift */; };
		18A54F092463FBFB00DDAC58 /* UIActivityIndicatorView+SwiftyTheme.swift in Sources */ = {isa = PBXBuildFile; fileRef = 18A54F082463FBFB00DDAC58 /* UIActivityIndicatorView+SwiftyTheme.swift */; };
		18E49AA724592BFB00EF7E64 /* ssss.stringsdict in Resources */ = {isa = PBXBuildFile; fileRef = 18E49AA624592BFB00EF7E64 /* ssss.stringsdict */; };
		18E49AAD2459962B00EF7E64 /* theme_white.json in Resources */ = {isa = PBXBuildFile; fileRef = 18E49AAC2459962B00EF7E64 /* theme_white.json */; };
		3E7EC76DDA240AC7A7DF4D9D /* Pods_SwiftyTheme.framework in Frameworks */ = {isa = PBXBuildFile; fileRef = 32BC327B7C5F639E0B4CD6F4 /* Pods_SwiftyTheme.framework */; };
		85000088246145E50000109E /* white_mode.txt in Resources */ = {isa = PBXBuildFile; fileRef = 8500008A246145E50000109E /* white_mode.txt */; };
		8500008F246155600000109E /* dark_mode.txt in Resources */ = {isa = PBXBuildFile; fileRef = 8500008E246155600000109E /* dark_mode.txt */; };
		8500009124615EBD0000109E /* NextViewController.swift in Sources */ = {isa = PBXBuildFile; fileRef = 8500009024615EBD0000109E /* NextViewController.swift */; };
		8589EF94246305B800E349AD /* NSObject+SwiftyTheme.swift in Sources */ = {isa = PBXBuildFile; fileRef = 8589EF7E246305B800E349AD /* NSObject+SwiftyTheme.swift */; };
		8589EF95246305B800E349AD /* UIButton+SwiftyTheme.swift in Sources */ = {isa = PBXBuildFile; fileRef = 8589EF81246305B800E349AD /* UIButton+SwiftyTheme.swift */; };
		8589EF96246305B800E349AD /* CAShapeLayer+SwiftyTheme.swift in Sources */ = {isa = PBXBuildFile; fileRef = 8589EF82246305B800E349AD /* CAShapeLayer+SwiftyTheme.swift */; };
		8589EF97246305B800E349AD /* String+SwiftyTheme.swift in Sources */ = {isa = PBXBuildFile; fileRef = 8589EF83246305B800E349AD /* String+SwiftyTheme.swift */; };
		8589EF98246305B800E349AD /* NSObject+SwiftyThemePerfom.m in Sources */ = {isa = PBXBuildFile; fileRef = 8589EF84246305B800E349AD /* NSObject+SwiftyThemePerfom.m */; };
		8589EF99246305B800E349AD /* UITableView+SwiftyTheme.swift in Sources */ = {isa = PBXBuildFile; fileRef = 8589EF85246305B800E349AD /* UITableView+SwiftyTheme.swift */; };
		8589EF9B246305B800E349AD /* NSObject+SwiftyThemeSwizzle.m in Sources */ = {isa = PBXBuildFile; fileRef = 8589EF87246305B800E349AD /* NSObject+SwiftyThemeSwizzle.m */; };
		8589EF9C246305B800E349AD /* UISwitch+SwiftyTheme.swift in Sources */ = {isa = PBXBuildFile; fileRef = 8589EF88246305B800E349AD /* UISwitch+SwiftyTheme.swift */; };
		8589EF9D246305B800E349AD /* SwiftyTheme.swift in Sources */ = {isa = PBXBuildFile; fileRef = 8589EF89246305B800E349AD /* SwiftyTheme.swift */; };
		8589EF9E246305B800E349AD /* UILabel+SwiftyTheme.swift in Sources */ = {isa = PBXBuildFile; fileRef = 8589EF8A246305B800E349AD /* UILabel+SwiftyTheme.swift */; };
		8589EF9F246305B800E349AD /* UIImageView+SwiftyTheme.swift in Sources */ = {isa = PBXBuildFile; fileRef = 8589EF8B246305B800E349AD /* UIImageView+SwiftyTheme.swift */; };
		8589EFA0246305B800E349AD /* UIImage+SwiftyTheme.swift in Sources */ = {isa = PBXBuildFile; fileRef = 8589EF8C246305B800E349AD /* UIImage+SwiftyTheme.swift */; };
		8589EFA1246305B800E349AD /* UIProgressView+SwiftyTheme.swift in Sources */ = {isa = PBXBuildFile; fileRef = 8589EF8D246305B800E349AD /* UIProgressView+SwiftyTheme.swift */; };
		8589EFA2246305B800E349AD /* UISlider+SwiftyTheme.swift in Sources */ = {isa = PBXBuildFile; fileRef = 8589EF8E246305B800E349AD /* UISlider+SwiftyTheme.swift */; };
		8589EFA3246305B800E349AD /* UIPageControl+SwiftyTheme.swift in Sources */ = {isa = PBXBuildFile; fileRef = 8589EF8F246305B800E349AD /* UIPageControl+SwiftyTheme.swift */; };
		8589EFA4246305B800E349AD /* UIColor+SwiftyTheme.swift in Sources */ = {isa = PBXBuildFile; fileRef = 8589EF90246305B800E349AD /* UIColor+SwiftyTheme.swift */; };
		8589EFA5246305B800E349AD /* CALayer+SwiftyTheme.swift in Sources */ = {isa = PBXBuildFile; fileRef = 8589EF91246305B800E349AD /* CALayer+SwiftyTheme.swift */; };
		8589EFA6246305B800E349AD /* UIView+SwiftyTheme.swift in Sources */ = {isa = PBXBuildFile; fileRef = 8589EF92246305B800E349AD /* UIView+SwiftyTheme.swift */; };
/* End PBXBuildFile section */

/* Begin PBXFileReference section */
		1804AE03245AA782003EB9E1 /* SwiftyTheme-Bridging-Header.h */ = {isa = PBXFileReference; lastKnownFileType = sourcecode.c.h; path = "SwiftyTheme-Bridging-Header.h"; sourceTree = "<group>"; };
		1804AE07245AABC8003EB9E1 /* OCExampleViewController.h */ = {isa = PBXFileReference; lastKnownFileType = sourcecode.c.h; path = OCExampleViewController.h; sourceTree = "<group>"; };
		1804AE08245AABC8003EB9E1 /* OCExampleViewController.m */ = {isa = PBXFileReference; lastKnownFileType = sourcecode.c.objc; path = OCExampleViewController.m; sourceTree = "<group>"; };
		181BF009245926C400080040 /* SwiftyTheme.app */ = {isa = PBXFileReference; explicitFileType = wrapper.application; includeInIndex = 0; path = SwiftyTheme.app; sourceTree = BUILT_PRODUCTS_DIR; };
		181BF00C245926C400080040 /* AppDelegate.swift */ = {isa = PBXFileReference; lastKnownFileType = sourcecode.swift; path = AppDelegate.swift; sourceTree = "<group>"; };
		181BF010245926C400080040 /* ViewController.swift */ = {isa = PBXFileReference; lastKnownFileType = sourcecode.swift; path = ViewController.swift; sourceTree = "<group>"; };
		181BF013245926C400080040 /* Base */ = {isa = PBXFileReference; lastKnownFileType = file.storyboard; name = Base; path = Base.lproj/Main.storyboard; sourceTree = "<group>"; };
		181BF015245926C600080040 /* Assets.xcassets */ = {isa = PBXFileReference; lastKnownFileType = folder.assetcatalog; path = Assets.xcassets; sourceTree = "<group>"; };
		181BF018245926C600080040 /* Base */ = {isa = PBXFileReference; lastKnownFileType = file.storyboard; name = Base; path = Base.lproj/LaunchScreen.storyboard; sourceTree = "<group>"; };
		181BF01A245926C600080040 /* Info.plist */ = {isa = PBXFileReference; lastKnownFileType = text.plist.xml; path = Info.plist; sourceTree = "<group>"; };
		18A54F022463936C00DDAC58 /* SwiftyThemeObject.swift */ = {isa = PBXFileReference; lastKnownFileType = sourcecode.swift; path = SwiftyThemeObject.swift; sourceTree = "<group>"; };
		18A54F042463FADC00DDAC58 /* UITextField+SwiftyTheme.swift */ = {isa = PBXFileReference; lastKnownFileType = sourcecode.swift; path = "UITextField+SwiftyTheme.swift"; sourceTree = "<group>"; };
		18A54F062463FBA100DDAC58 /* UITextView+SwiftyTheme.swift */ = {isa = PBXFileReference; lastKnownFileType = sourcecode.swift; path = "UITextView+SwiftyTheme.swift"; sourceTree = "<group>"; };
		18A54F082463FBFB00DDAC58 /* UIActivityIndicatorView+SwiftyTheme.swift */ = {isa = PBXFileReference; lastKnownFileType = sourcecode.swift; path = "UIActivityIndicatorView+SwiftyTheme.swift"; sourceTree = "<group>"; };
		18E49AA624592BFB00EF7E64 /* ssss.stringsdict */ = {isa = PBXFileReference; lastKnownFileType = text.plist.stringsdict; path = ssss.stringsdict; sourceTree = "<group>"; };
		18E49AAC2459962B00EF7E64 /* theme_white.json */ = {isa = PBXFileReference; lastKnownFileType = text.json; path = theme_white.json; sourceTree = "<group>"; };
		1CAAE5164624D9949731419E /* Pods-SwiftyTheme.debug.xcconfig */ = {isa = PBXFileReference; includeInIndex = 1; lastKnownFileType = text.xcconfig; name = "Pods-SwiftyTheme.debug.xcconfig"; path = "Target Support Files/Pods-SwiftyTheme/Pods-SwiftyTheme.debug.xcconfig"; sourceTree = "<group>"; };
		21DA110927CF09F4F797E67A /* Pods-SwiftyTheme.release.xcconfig */ = {isa = PBXFileReference; includeInIndex = 1; lastKnownFileType = text.xcconfig; name = "Pods-SwiftyTheme.release.xcconfig"; path = "Target Support Files/Pods-SwiftyTheme/Pods-SwiftyTheme.release.xcconfig"; sourceTree = "<group>"; };
		32BC327B7C5F639E0B4CD6F4 /* Pods_SwiftyTheme.framework */ = {isa = PBXFileReference; explicitFileType = wrapper.framework; includeInIndex = 0; path = Pods_SwiftyTheme.framework; sourceTree = BUILT_PRODUCTS_DIR; };
		85000089246145E50000109E /* Base */ = {isa = PBXFileReference; lastKnownFileType = text; name = Base; path = Base.lproj/white_mode.txt; sourceTree = "<group>"; };
		8500008E246155600000109E /* dark_mode.txt */ = {isa = PBXFileReference; lastKnownFileType = text; path = dark_mode.txt; sourceTree = "<group>"; };
		8500009024615EBD0000109E /* NextViewController.swift */ = {isa = PBXFileReference; lastKnownFileType = sourcecode.swift; path = NextViewController.swift; sourceTree = "<group>"; };
		8589EF7E246305B800E349AD /* NSObject+SwiftyTheme.swift */ = {isa = PBXFileReference; fileEncoding = 4; lastKnownFileType = sourcecode.swift; path = "NSObject+SwiftyTheme.swift"; sourceTree = "<group>"; };
		8589EF7F246305B800E349AD /* NSObject+SwiftyThemeSwizzle.h */ = {isa = PBXFileReference; fileEncoding = 4; lastKnownFileType = sourcecode.c.h; path = "NSObject+SwiftyThemeSwizzle.h"; sourceTree = "<group>"; };
		8589EF81246305B800E349AD /* UIButton+SwiftyTheme.swift */ = {isa = PBXFileReference; fileEncoding = 4; lastKnownFileType = sourcecode.swift; path = "UIButton+SwiftyTheme.swift"; sourceTree = "<group>"; };
		8589EF82246305B800E349AD /* CAShapeLayer+SwiftyTheme.swift */ = {isa = PBXFileReference; fileEncoding = 4; lastKnownFileType = sourcecode.swift; path = "CAShapeLayer+SwiftyTheme.swift"; sourceTree = "<group>"; };
		8589EF83246305B800E349AD /* String+SwiftyTheme.swift */ = {isa = PBXFileReference; fileEncoding = 4; lastKnownFileType = sourcecode.swift; path = "String+SwiftyTheme.swift"; sourceTree = "<group>"; };
		8589EF84246305B800E349AD /* NSObject+SwiftyThemePerfom.m */ = {isa = PBXFileReference; fileEncoding = 4; lastKnownFileType = sourcecode.c.objc; path = "NSObject+SwiftyThemePerfom.m"; sourceTree = "<group>"; };
		8589EF85246305B800E349AD /* UITableView+SwiftyTheme.swift */ = {isa = PBXFileReference; fileEncoding = 4; lastKnownFileType = sourcecode.swift; path = "UITableView+SwiftyTheme.swift"; sourceTree = "<group>"; };
		8589EF87246305B800E349AD /* NSObject+SwiftyThemeSwizzle.m */ = {isa = PBXFileReference; fileEncoding = 4; lastKnownFileType = sourcecode.c.objc; path = "NSObject+SwiftyThemeSwizzle.m"; sourceTree = "<group>"; };
		8589EF88246305B800E349AD /* UISwitch+SwiftyTheme.swift */ = {isa = PBXFileReference; fileEncoding = 4; lastKnownFileType = sourcecode.swift; path = "UISwitch+SwiftyTheme.swift"; sourceTree = "<group>"; };
		8589EF89246305B800E349AD /* SwiftyTheme.swift */ = {isa = PBXFileReference; fileEncoding = 4; lastKnownFileType = sourcecode.swift; path = SwiftyTheme.swift; sourceTree = "<group>"; };
		8589EF8A246305B800E349AD /* UILabel+SwiftyTheme.swift */ = {isa = PBXFileReference; fileEncoding = 4; lastKnownFileType = sourcecode.swift; path = "UILabel+SwiftyTheme.swift"; sourceTree = "<group>"; };
		8589EF8B246305B800E349AD /* UIImageView+SwiftyTheme.swift */ = {isa = PBXFileReference; fileEncoding = 4; lastKnownFileType = sourcecode.swift; path = "UIImageView+SwiftyTheme.swift"; sourceTree = "<group>"; };
		8589EF8C246305B800E349AD /* UIImage+SwiftyTheme.swift */ = {isa = PBXFileReference; fileEncoding = 4; lastKnownFileType = sourcecode.swift; path = "UIImage+SwiftyTheme.swift"; sourceTree = "<group>"; };
		8589EF8D246305B800E349AD /* UIProgressView+SwiftyTheme.swift */ = {isa = PBXFileReference; fileEncoding = 4; lastKnownFileType = sourcecode.swift; path = "UIProgressView+SwiftyTheme.swift"; sourceTree = "<group>"; };
		8589EF8E246305B800E349AD /* UISlider+SwiftyTheme.swift */ = {isa = PBXFileReference; fileEncoding = 4; lastKnownFileType = sourcecode.swift; path = "UISlider+SwiftyTheme.swift"; sourceTree = "<group>"; };
		8589EF8F246305B800E349AD /* UIPageControl+SwiftyTheme.swift */ = {isa = PBXFileReference; fileEncoding = 4; lastKnownFileType = sourcecode.swift; path = "UIPageControl+SwiftyTheme.swift"; sourceTree = "<group>"; };
		8589EF90246305B800E349AD /* UIColor+SwiftyTheme.swift */ = {isa = PBXFileReference; fileEncoding = 4; lastKnownFileType = sourcecode.swift; path = "UIColor+SwiftyTheme.swift"; sourceTree = "<group>"; };
		8589EF91246305B800E349AD /* CALayer+SwiftyTheme.swift */ = {isa = PBXFileReference; fileEncoding = 4; lastKnownFileType = sourcecode.swift; path = "CALayer+SwiftyTheme.swift"; sourceTree = "<group>"; };
		8589EF92246305B800E349AD /* UIView+SwiftyTheme.swift */ = {isa = PBXFileReference; fileEncoding = 4; lastKnownFileType = sourcecode.swift; path = "UIView+SwiftyTheme.swift"; sourceTree = "<group>"; };
		8589EF93246305B800E349AD /* NSObject+SwiftyThemePerfom.h */ = {isa = PBXFileReference; fileEncoding = 4; lastKnownFileType = sourcecode.c.h; path = "NSObject+SwiftyThemePerfom.h"; sourceTree = "<group>"; };
/* End PBXFileReference section */

/* Begin PBXFrameworksBuildPhase section */
		181BF006245926C400080040 /* Frameworks */ = {
			isa = PBXFrameworksBuildPhase;
			buildActionMask = 2147483647;
			files = (
				3E7EC76DDA240AC7A7DF4D9D /* Pods_SwiftyTheme.framework in Frameworks */,
			);
			runOnlyForDeploymentPostprocessing = 0;
		};
/* End PBXFrameworksBuildPhase section */

/* Begin PBXGroup section */
		181BF000245926C400080040 = {
			isa = PBXGroup;
			children = (
				181BF00B245926C400080040 /* SwiftyTheme */,
				181BF00A245926C400080040 /* Products */,
				F53D1575A1C5511D7C210CB5 /* Pods */,
				A51B3AA9FF903132ABB13A3D /* Frameworks */,
			);
			sourceTree = "<group>";
		};
		181BF00A245926C400080040 /* Products */ = {
			isa = PBXGroup;
			children = (
				181BF009245926C400080040 /* SwiftyTheme.app */,
			);
			name = Products;
			sourceTree = "<group>";
		};
		181BF00B245926C400080040 /* SwiftyTheme */ = {
			isa = PBXGroup;
			children = (
				8589EF7D246305B800E349AD /* Sources */,
				181BF00C245926C400080040 /* AppDelegate.swift */,
				181BF010245926C400080040 /* ViewController.swift */,
				8500009024615EBD0000109E /* NextViewController.swift */,
				1804AE07245AABC8003EB9E1 /* OCExampleViewController.h */,
				1804AE08245AABC8003EB9E1 /* OCExampleViewController.m */,
				18E49AA524592BDA00EF7E64 /* Resources */,
				181BF012245926C400080040 /* Main.storyboard */,
				181BF015245926C600080040 /* Assets.xcassets */,
				181BF017245926C600080040 /* LaunchScreen.storyboard */,
				181BF01A245926C600080040 /* Info.plist */,
				1804AE03245AA782003EB9E1 /* SwiftyTheme-Bridging-Header.h */,
			);
			path = SwiftyTheme;
			sourceTree = "<group>";
		};
		18E49AA524592BDA00EF7E64 /* Resources */ = {
			isa = PBXGroup;
			children = (
				18E49AA624592BFB00EF7E64 /* ssss.stringsdict */,
				8500008E246155600000109E /* dark_mode.txt */,
				8500008A246145E50000109E /* white_mode.txt */,
				18E49AAC2459962B00EF7E64 /* theme_white.json */,
			);
			path = Resources;
			sourceTree = "<group>";
		};
		8589EF7D246305B800E349AD /* Sources */ = {
			isa = PBXGroup;
			children = (
				8589EF89246305B800E349AD /* SwiftyTheme.swift */,
				8589EF92246305B800E349AD /* UIView+SwiftyTheme.swift */,
				8589EF8B246305B800E349AD /* UIImageView+SwiftyTheme.swift */,
				8589EF91246305B800E349AD /* CALayer+SwiftyTheme.swift */,
				8589EF82246305B800E349AD /* CAShapeLayer+SwiftyTheme.swift */,
				8589EF8A246305B800E349AD /* UILabel+SwiftyTheme.swift */,
				8589EF88246305B800E349AD /* UISwitch+SwiftyTheme.swift */,
				8589EF8E246305B800E349AD /* UISlider+SwiftyTheme.swift */,
				8589EF8F246305B800E349AD /* UIPageControl+SwiftyTheme.swift */,
				8589EF8D246305B800E349AD /* UIProgressView+SwiftyTheme.swift */,
				8589EF85246305B800E349AD /* UITableView+SwiftyTheme.swift */,
				8589EF81246305B800E349AD /* UIButton+SwiftyTheme.swift */,
				18A54F042463FADC00DDAC58 /* UITextField+SwiftyTheme.swift */,
				18A54F062463FBA100DDAC58 /* UITextView+SwiftyTheme.swift */,
				18A54F082463FBFB00DDAC58 /* UIActivityIndicatorView+SwiftyTheme.swift */,
				8589EF7E246305B800E349AD /* NSObject+SwiftyTheme.swift */,
				8589EF83246305B800E349AD /* String+SwiftyTheme.swift */,
				8589EF90246305B800E349AD /* UIColor+SwiftyTheme.swift */,
				8589EF8C246305B800E349AD /* UIImage+SwiftyTheme.swift */,
				18A54F022463936C00DDAC58 /* SwiftyThemeObject.swift */,
				8589EF93246305B800E349AD /* NSObject+SwiftyThemePerfom.h */,
				8589EF84246305B800E349AD /* NSObject+SwiftyThemePerfom.m */,
				8589EF7F246305B800E349AD /* NSObject+SwiftyThemeSwizzle.h */,
				8589EF87246305B800E349AD /* NSObject+SwiftyThemeSwizzle.m */,
			);
			path = Sources;
			sourceTree = SOURCE_ROOT;
		};
		A51B3AA9FF903132ABB13A3D /* Frameworks */ = {
			isa = PBXGroup;
			children = (
				32BC327B7C5F639E0B4CD6F4 /* Pods_SwiftyTheme.framework */,
			);
			name = Frameworks;
			sourceTree = "<group>";
		};
		F53D1575A1C5511D7C210CB5 /* Pods */ = {
			isa = PBXGroup;
			children = (
				1CAAE5164624D9949731419E /* Pods-SwiftyTheme.debug.xcconfig */,
				21DA110927CF09F4F797E67A /* Pods-SwiftyTheme.release.xcconfig */,
			);
			path = Pods;
			sourceTree = "<group>";
		};
/* End PBXGroup section */

/* Begin PBXNativeTarget section */
		181BF008245926C400080040 /* SwiftyTheme */ = {
			isa = PBXNativeTarget;
			buildConfigurationList = 181BF01D245926C600080040 /* Build configuration list for PBXNativeTarget "SwiftyTheme" */;
			buildPhases = (
				38D17268F44A67EE40E17381 /* [CP] Check Pods Manifest.lock */,
				181BF005245926C400080040 /* Sources */,
				181BF006245926C400080040 /* Frameworks */,
				181BF007245926C400080040 /* Resources */,
			);
			buildRules = (
			);
			dependencies = (
			);
			name = SwiftyTheme;
			productName = SwiftyTheme;
			productReference = 181BF009245926C400080040 /* SwiftyTheme.app */;
			productType = "com.apple.product-type.application";
		};
/* End PBXNativeTarget section */

/* Begin PBXProject section */
		181BF001245926C400080040 /* Project object */ = {
			isa = PBXProject;
			attributes = {
				LastSwiftUpdateCheck = 1130;
				LastUpgradeCheck = 1130;
				ORGANIZATIONNAME = yinhe;
				TargetAttributes = {
					181BF008245926C400080040 = {
						CreatedOnToolsVersion = 11.3;
						LastSwiftMigration = 1130;
					};
				};
			};
			buildConfigurationList = 181BF004245926C400080040 /* Build configuration list for PBXProject "SwiftyTheme" */;
			compatibilityVersion = "Xcode 9.3";
			developmentRegion = en;
			hasScannedForEncodings = 0;
			knownRegions = (
				en,
				Base,
			);
			mainGroup = 181BF000245926C400080040;
			productRefGroup = 181BF00A245926C400080040 /* Products */;
			projectDirPath = "";
			projectRoot = "";
			targets = (
				181BF008245926C400080040 /* SwiftyTheme */,
			);
		};
/* End PBXProject section */

/* Begin PBXResourcesBuildPhase section */
		181BF007245926C400080040 /* Resources */ = {
			isa = PBXResourcesBuildPhase;
			buildActionMask = 2147483647;
			files = (
				85000088246145E50000109E /* white_mode.txt in Resources */,
				18E49AAD2459962B00EF7E64 /* theme_white.json in Resources */,
				8500008F246155600000109E /* dark_mode.txt in Resources */,
				18E49AA724592BFB00EF7E64 /* ssss.stringsdict in Resources */,
				181BF019245926C600080040 /* LaunchScreen.storyboard in Resources */,
				181BF016245926C600080040 /* Assets.xcassets in Resources */,
				181BF014245926C400080040 /* Main.storyboard in Resources */,
			);
			runOnlyForDeploymentPostprocessing = 0;
		};
/* End PBXResourcesBuildPhase section */

/* Begin PBXShellScriptBuildPhase section */
		38D17268F44A67EE40E17381 /* [CP] Check Pods Manifest.lock */ = {
			isa = PBXShellScriptBuildPhase;
			buildActionMask = 2147483647;
			files = (
			);
			inputFileListPaths = (
			);
			inputPaths = (
				"${PODS_PODFILE_DIR_PATH}/Podfile.lock",
				"${PODS_ROOT}/Manifest.lock",
			);
			name = "[CP] Check Pods Manifest.lock";
			outputFileListPaths = (
			);
			outputPaths = (
				"$(DERIVED_FILE_DIR)/Pods-SwiftyTheme-checkManifestLockResult.txt",
			);
			runOnlyForDeploymentPostprocessing = 0;
			shellPath = /bin/sh;
			shellScript = "diff \"${PODS_PODFILE_DIR_PATH}/Podfile.lock\" \"${PODS_ROOT}/Manifest.lock\" > /dev/null\nif [ $? != 0 ] ; then\n    # print error to STDERR\n    echo \"error: The sandbox is not in sync with the Podfile.lock. Run 'pod install' or update your CocoaPods installation.\" >&2\n    exit 1\nfi\n# This output is used by Xcode 'outputs' to avoid re-running this script phase.\necho \"SUCCESS\" > \"${SCRIPT_OUTPUT_FILE_0}\"\n";
			showEnvVarsInLog = 0;
		};
/* End PBXShellScriptBuildPhase section */

/* Begin PBXSourcesBuildPhase section */
		181BF005245926C400080040 /* Sources */ = {
			isa = PBXSourcesBuildPhase;
			buildActionMask = 2147483647;
			files = (
				8589EFA2246305B800E349AD /* UISlider+SwiftyTheme.swift in Sources */,
				8589EF9B246305B800E349AD /* NSObject+SwiftyThemeSwizzle.m in Sources */,
				8500009124615EBD0000109E /* NextViewController.swift in Sources */,
				8589EF94246305B800E349AD /* NSObject+SwiftyTheme.swift in Sources */,
				8589EF9D246305B800E349AD /* SwiftyTheme.swift in Sources */,
				18A54F092463FBFB00DDAC58 /* UIActivityIndicatorView+SwiftyTheme.swift in Sources */,
				1804AE09245AABC8003EB9E1 /* OCExampleViewController.m in Sources */,
				181BF011245926C400080040 /* ViewController.swift in Sources */,
				181BF00D245926C400080040 /* AppDelegate.swift in Sources */,
				8589EFA0246305B800E349AD /* UIImage+SwiftyTheme.swift in Sources */,
				8589EF9C246305B800E349AD /* UISwitch+SwiftyTheme.swift in Sources */,
				18A54F032463936C00DDAC58 /* SwiftyThemeObject.swift in Sources */,
				18A54F072463FBA100DDAC58 /* UITextView+SwiftyTheme.swift in Sources */,
				8589EF9F246305B800E349AD /* UIImageView+SwiftyTheme.swift in Sources */,
				8589EFA4246305B800E349AD /* UIColor+SwiftyTheme.swift in Sources */,
				8589EFA5246305B800E349AD /* CALayer+SwiftyTheme.swift in Sources */,
				8589EF99246305B800E349AD /* UITableView+SwiftyTheme.swift in Sources */,
				8589EF95246305B800E349AD /* UIButton+SwiftyTheme.swift in Sources */,
				8589EFA3246305B800E349AD /* UIPageControl+SwiftyTheme.swift in Sources */,
				8589EF98246305B800E349AD /* NSObject+SwiftyThemePerfom.m in Sources */,
				8589EFA1246305B800E349AD /* UIProgressView+SwiftyTheme.swift in Sources */,
				18A54F052463FADC00DDAC58 /* UITextField+SwiftyTheme.swift in Sources */,
				8589EF97246305B800E349AD /* String+SwiftyTheme.swift in Sources */,
				8589EF9E246305B800E349AD /* UILabel+SwiftyTheme.swift in Sources */,
				8589EFA6246305B800E349AD /* UIView+SwiftyTheme.swift in Sources */,
				8589EF96246305B800E349AD /* CAShapeLayer+SwiftyTheme.swift in Sources */,
			);
			runOnlyForDeploymentPostprocessing = 0;
		};
/* End PBXSourcesBuildPhase section */

/* Begin PBXVariantGroup section */
		181BF012245926C400080040 /* Main.storyboard */ = {
			isa = PBXVariantGroup;
			children = (
				181BF013245926C400080040 /* Base */,
			);
			name = Main.storyboard;
			sourceTree = "<group>";
		};
		181BF017245926C600080040 /* LaunchScreen.storyboard */ = {
			isa = PBXVariantGroup;
			children = (
				181BF018245926C600080040 /* Base */,
			);
			name = LaunchScreen.storyboard;
			sourceTree = "<group>";
		};
		8500008A246145E50000109E /* white_mode.txt */ = {
			isa = PBXVariantGroup;
			children = (
				85000089246145E50000109E /* Base */,
			);
			name = white_mode.txt;
			sourceTree = "<group>";
		};
/* End PBXVariantGroup section */

/* Begin XCBuildConfiguration section */
		181BF01B245926C600080040 /* Debug */ = {
			isa = XCBuildConfiguration;
			buildSettings = {
				ALWAYS_SEARCH_USER_PATHS = NO;
				CLANG_ANALYZER_NONNULL = YES;
				CLANG_ANALYZER_NUMBER_OBJECT_CONVERSION = YES_AGGRESSIVE;
				CLANG_CXX_LANGUAGE_STANDARD = "gnu++14";
				CLANG_CXX_LIBRARY = "libc++";
				CLANG_ENABLE_MODULES = YES;
				CLANG_ENABLE_OBJC_ARC = YES;
				CLANG_ENABLE_OBJC_WEAK = YES;
				CLANG_WARN_BLOCK_CAPTURE_AUTORELEASING = YES;
				CLANG_WARN_BOOL_CONVERSION = YES;
				CLANG_WARN_COMMA = YES;
				CLANG_WARN_CONSTANT_CONVERSION = YES;
				CLANG_WARN_DEPRECATED_OBJC_IMPLEMENTATIONS = YES;
				CLANG_WARN_DIRECT_OBJC_ISA_USAGE = YES_ERROR;
				CLANG_WARN_DOCUMENTATION_COMMENTS = YES;
				CLANG_WARN_EMPTY_BODY = YES;
				CLANG_WARN_ENUM_CONVERSION = YES;
				CLANG_WARN_INFINITE_RECURSION = YES;
				CLANG_WARN_INT_CONVERSION = YES;
				CLANG_WARN_NON_LITERAL_NULL_CONVERSION = YES;
				CLANG_WARN_OBJC_IMPLICIT_RETAIN_SELF = YES;
				CLANG_WARN_OBJC_LITERAL_CONVERSION = YES;
				CLANG_WARN_OBJC_ROOT_CLASS = YES_ERROR;
				CLANG_WARN_RANGE_LOOP_ANALYSIS = YES;
				CLANG_WARN_STRICT_PROTOTYPES = YES;
				CLANG_WARN_SUSPICIOUS_MOVE = YES;
				CLANG_WARN_UNGUARDED_AVAILABILITY = YES_AGGRESSIVE;
				CLANG_WARN_UNREACHABLE_CODE = YES;
				CLANG_WARN__DUPLICATE_METHOD_MATCH = YES;
				COPY_PHASE_STRIP = NO;
				DEBUG_INFORMATION_FORMAT = dwarf;
				ENABLE_STRICT_OBJC_MSGSEND = YES;
				ENABLE_TESTABILITY = YES;
				GCC_C_LANGUAGE_STANDARD = gnu11;
				GCC_DYNAMIC_NO_PIC = NO;
				GCC_NO_COMMON_BLOCKS = YES;
				GCC_OPTIMIZATION_LEVEL = 0;
				GCC_PREPROCESSOR_DEFINITIONS = (
					"DEBUG=1",
					"$(inherited)",
				);
				GCC_WARN_64_TO_32_BIT_CONVERSION = YES;
				GCC_WARN_ABOUT_RETURN_TYPE = YES_ERROR;
				GCC_WARN_UNDECLARED_SELECTOR = YES;
				GCC_WARN_UNINITIALIZED_AUTOS = YES_AGGRESSIVE;
				GCC_WARN_UNUSED_FUNCTION = YES;
				GCC_WARN_UNUSED_VARIABLE = YES;
				IPHONEOS_DEPLOYMENT_TARGET = 13.2;
				MTL_ENABLE_DEBUG_INFO = INCLUDE_SOURCE;
				MTL_FAST_MATH = YES;
				ONLY_ACTIVE_ARCH = YES;
				SDKROOT = iphoneos;
				SWIFT_ACTIVE_COMPILATION_CONDITIONS = DEBUG;
				SWIFT_OPTIMIZATION_LEVEL = "-Onone";
			};
			name = Debug;
		};
		181BF01C245926C600080040 /* Release */ = {
			isa = XCBuildConfiguration;
			buildSettings = {
				ALWAYS_SEARCH_USER_PATHS = NO;
				CLANG_ANALYZER_NONNULL = YES;
				CLANG_ANALYZER_NUMBER_OBJECT_CONVERSION = YES_AGGRESSIVE;
				CLANG_CXX_LANGUAGE_STANDARD = "gnu++14";
				CLANG_CXX_LIBRARY = "libc++";
				CLANG_ENABLE_MODULES = YES;
				CLANG_ENABLE_OBJC_ARC = YES;
				CLANG_ENABLE_OBJC_WEAK = YES;
				CLANG_WARN_BLOCK_CAPTURE_AUTORELEASING = YES;
				CLANG_WARN_BOOL_CONVERSION = YES;
				CLANG_WARN_COMMA = YES;
				CLANG_WARN_CONSTANT_CONVERSION = YES;
				CLANG_WARN_DEPRECATED_OBJC_IMPLEMENTATIONS = YES;
				CLANG_WARN_DIRECT_OBJC_ISA_USAGE = YES_ERROR;
				CLANG_WARN_DOCUMENTATION_COMMENTS = YES;
				CLANG_WARN_EMPTY_BODY = YES;
				CLANG_WARN_ENUM_CONVERSION = YES;
				CLANG_WARN_INFINITE_RECURSION = YES;
				CLANG_WARN_INT_CONVERSION = YES;
				CLANG_WARN_NON_LITERAL_NULL_CONVERSION = YES;
				CLANG_WARN_OBJC_IMPLICIT_RETAIN_SELF = YES;
				CLANG_WARN_OBJC_LITERAL_CONVERSION = YES;
				CLANG_WARN_OBJC_ROOT_CLASS = YES_ERROR;
				CLANG_WARN_RANGE_LOOP_ANALYSIS = YES;
				CLANG_WARN_STRICT_PROTOTYPES = YES;
				CLANG_WARN_SUSPICIOUS_MOVE = YES;
				CLANG_WARN_UNGUARDED_AVAILABILITY = YES_AGGRESSIVE;
				CLANG_WARN_UNREACHABLE_CODE = YES;
				CLANG_WARN__DUPLICATE_METHOD_MATCH = YES;
				COPY_PHASE_STRIP = NO;
				DEBUG_INFORMATION_FORMAT = "dwarf-with-dsym";
				ENABLE_NS_ASSERTIONS = NO;
				ENABLE_STRICT_OBJC_MSGSEND = YES;
				GCC_C_LANGUAGE_STANDARD = gnu11;
				GCC_NO_COMMON_BLOCKS = YES;
				GCC_WARN_64_TO_32_BIT_CONVERSION = YES;
				GCC_WARN_ABOUT_RETURN_TYPE = YES_ERROR;
				GCC_WARN_UNDECLARED_SELECTOR = YES;
				GCC_WARN_UNINITIALIZED_AUTOS = YES_AGGRESSIVE;
				GCC_WARN_UNUSED_FUNCTION = YES;
				GCC_WARN_UNUSED_VARIABLE = YES;
				IPHONEOS_DEPLOYMENT_TARGET = 13.2;
				MTL_ENABLE_DEBUG_INFO = NO;
				MTL_FAST_MATH = YES;
				SDKROOT = iphoneos;
				SWIFT_COMPILATION_MODE = wholemodule;
				SWIFT_OPTIMIZATION_LEVEL = "-O";
				VALIDATE_PRODUCT = YES;
			};
			name = Release;
		};
		181BF01E245926C600080040 /* Debug */ = {
			isa = XCBuildConfiguration;
			baseConfigurationReference = 1CAAE5164624D9949731419E /* Pods-SwiftyTheme.debug.xcconfig */;
			buildSettings = {
				ASSETCATALOG_COMPILER_APPICON_NAME = AppIcon;
				CLANG_ENABLE_MODULES = YES;
				CODE_SIGN_STYLE = Automatic;
				DEVELOPMENT_TEAM = 2E8NVCJR97;
				INFOPLIST_FILE = SwiftyTheme/Info.plist;
				IPHONEOS_DEPLOYMENT_TARGET = 8.0;
				LD_RUNPATH_SEARCH_PATHS = (
					"$(inherited)",
					"@executable_path/Frameworks",
				);
				PRODUCT_BUNDLE_IDENTIFIER = com.yinhe.SwiftyTheme;
				PRODUCT_NAME = "$(TARGET_NAME)";
				SWIFT_OBJC_BRIDGING_HEADER = "SwiftyTheme/SwiftyTheme-Bridging-Header.h";
				SWIFT_OPTIMIZATION_LEVEL = "-Onone";
				SWIFT_VERSION = 5.0;
				TARGETED_DEVICE_FAMILY = 1;
			};
			name = Debug;
		};
		181BF01F245926C600080040 /* Release */ = {
			isa = XCBuildConfiguration;
			baseConfigurationReference = 21DA110927CF09F4F797E67A /* Pods-SwiftyTheme.release.xcconfig */;
			buildSettings = {
				ASSETCATALOG_COMPILER_APPICON_NAME = AppIcon;
				CLANG_ENABLE_MODULES = YES;
				CODE_SIGN_STYLE = Automatic;
				DEVELOPMENT_TEAM = 2E8NVCJR97;
				INFOPLIST_FILE = SwiftyTheme/Info.plist;
				IPHONEOS_DEPLOYMENT_TARGET = 8.0;
				LD_RUNPATH_SEARCH_PATHS = (
					"$(inherited)",
					"@executable_path/Frameworks",
				);
				PRODUCT_BUNDLE_IDENTIFIER = com.yinhe.SwiftyTheme;
				PRODUCT_NAME = "$(TARGET_NAME)";
				SWIFT_OBJC_BRIDGING_HEADER = "SwiftyTheme/SwiftyTheme-Bridging-Header.h";
				SWIFT_VERSION = 5.0;
				TARGETED_DEVICE_FAMILY = 1;
			};
			name = Release;
		};
/* End XCBuildConfiguration section */

/* Begin XCConfigurationList section */
		181BF004245926C400080040 /* Build configuration list for PBXProject "SwiftyTheme" */ = {
			isa = XCConfigurationList;
			buildConfigurations = (
				181BF01B245926C600080040 /* Debug */,
				181BF01C245926C600080040 /* Release */,
			);
			defaultConfigurationIsVisible = 0;
			defaultConfigurationName = Release;
		};
		181BF01D245926C600080040 /* Build configuration list for PBXNativeTarget "SwiftyTheme" */ = {
			isa = XCConfigurationList;
			buildConfigurations = (
				181BF01E245926C600080040 /* Debug */,
				181BF01F245926C600080040 /* Release */,
			);
			defaultConfigurationIsVisible = 0;
			defaultConfigurationName = Release;
		};
/* End XCConfigurationList section */
	};
	rootObject = 181BF001245926C400080040 /* Project object */;
}
